
Microsoft Visual Studio Solution File, Format Version 12.00
# Visual Studio Version 17
VisualStudioVersion = 17.0.31903.59
MinimumVisualStudioVersion = 10.0.40219.1
Project("{FAE04EC0-301F-11D3-BF4B-00C04F79EFBC}") = "API", "API\API.csproj", "{56B8D224-2D0B-46B5-BF3E-5ACB3EDEC42C}"
EndProject
Global
	GlobalSection(SolutionConfigurationPlatforms) = preSolution
		Debug|Any CPU = Debug|Any CPU
		Release|Any CPU = Release|Any CPU
	EndGlobalSection
	GlobalSection(SolutionProperties) = preSolution
		HideSolutionNode = FALSE
	EndGlobalSection
	GlobalSection(ProjectConfigurationPlatforms) = postSolution
		{56B8D224-2D0B-46B5-BF3E-5ACB3EDEC42C}.Debug|Any CPU.ActiveCfg = Debug|Any CPU
		{56B8D224-2D0B-46B5-BF3E-5ACB3EDEC42C}.Debug|Any CPU.Build.0 = Debug|Any CPU
		{56B8D224-2D0B-46B5-BF3E-5ACB3EDEC42C}.Release|Any CPU.ActiveCfg = Release|Any CPU
		{56B8D224-2D0B-46B5-BF3E-5ACB3EDEC42C}.Release|Any CPU.Build.0 = Release|Any CPU
	EndGlobalSection
EndGlobal
